version = 1
revision = 3
requires-python = "==3.12.*"

[[package]]
name = "cassandra-driver"
version = "3.30.1"
source = { registry = "https://pypi.org/simple" }
dependencies = [
    { name = "deprecated" },
    { name = "geomet" },
]
sdist = { url = "https://files.pythonhosted.org/packages/bb/ed/4e16210e194660f107929ee494f1cf18557252655067d9b39029c241be2d/cassandra_driver-3.30.1.tar.gz", hash = "sha256:0c6a3e1428f7c6a9aa6c944b9c47a37cd2cdbeb5b5a82d42c33afdd56f14e398", size = 289233, upload-time = "2026-07-06T20:14:31.37Z" }
wheels = [
    { url = "https://files.pythonhosted.org/packages/07/d4/8a80155cfe1312bb5d750e5a7b0384a1346fde2ca07cbff869f6627db071/cassandra_driver-3.30.1-cp312-cp312-macosx_10_13_x86_64.whl", hash = "sha256:9ff317f79b09eba52a44d46d8c4773e47533dfdd8b9ba4984268dc4a1fe5206e", size = 3649965, upload-time = "2026-07-06T20:13:35.813Z" },
    { url = "https://files.pythonhosted.org/packages/3a/ed/d9bca63e72e8219243e75821e72ace3046da0fe9a8b22375cf0c0efff427/cassandra_driver-3.30.1-cp312-cp312-macosx_11_0_arm64.whl", hash = "sha256:ab853bd2806899c5612c3e4ac2a355a7811084d06692e4460255e3b0a4fa556a", size = 3475640, upload-time = "2026-07-06T20:13:39.842Z" },
    { url = "https://files.pythonhosted.org/packages/a8/43/9bc21a9a3881c7eb9c19d0a6af8331a3fda0f18e82be83b49330f072d546/cassandra_driver-3.30.1-cp312-cp312-manylinux2014_aarch64.manylinux_2_17_aarch64.manylinux_2_28_aarch64.whl", hash = "sha256:e10784b4f7d77332dc1a5c72855977a0d797160fd8ba50785414caed07fce95b", size = 3226293, upload-time = "2026-07-06T20:13:43.675Z" },
    { url = "https://files.pythonhosted.org/packages/89/c1/d050e11c324c0d0be7213947bed7c1cb65ef50ab4f12b3e881614217fce2/cassandra_driver-3.30.1-cp312-cp312-manylinux2014_x86_64.manylinux_2_17_x86_64.manylinux_2_28_x86_64.whl", hash = "sha256:af5c6f5d7d5a86725b908aba12d9554df60234c15bfe053a8175b15db791ada8", size = 3483718, upload-time = "2026-07-06T20:13:48.038Z" },
    { url = "https://files.pythonhosted.org/packages/49/ee/779b732de46608018ac90613a5fe4954a4901c6efa19f38ab2213e9cf4ef/cassandra_driver-3.30.1-cp312-cp312-win_amd64.whl", hash = "sha256:e43d873de5f8dadf4c8dcc4fab87d66a8495137e844ae3c184fbc90a54c05bc0", size = 2662678, upload-time = "2026-07-06T20:13:51.566Z" },
]

[[package]]
name = "click"
version = "8.5.0"
source = { registry = "https://pypi.org/simple" }
sdist = { url = "https://files.pythonhosted.org/packages/c7/0e/7fa0ef50764b67090eca4114772a2abf8b6148198475e54c660b97caeee6/click-8.5.0.tar.gz", hash = "sha256:ba0d2089de75ea0310e2dde03160e6ca10009947fb95a182f9b54021bb272e34", size = 382235, upload-time = "2026-08-26T13:33:14.56Z" }
wheels = [
    { url = "https://files.pythonhosted.org/packages/58/50/6c0d534c5f134586a8e1ba4e330569e32f057e33372ae556463212fb4cd3/click-8.5.0-py3-none-any.whl", hash = "sha256:255bc9599cf7748b4b1a446ccc735421bd08a2ae529a8b88597d3de5664ee360", size = 125251, upload-time = "2026-08-26T13:33:12.928Z" },
]

[[package]]
name = "colorama"
version = "0.4.6"
source = { registry = "https://pypi.org/simple" }
sdist = { url = "https://files.pythonhosted.org/packages/d8/53/6f443c9a4a8358a93a6792e2acffb9d9d5cb0a5cfd8802644b7b1c9a02e4/colorama-0.4.6.tar.gz", hash = "sha256:08695f5cb7ed6e0531a20572697297273c47b8cae5a63ffc6d6ed5c201be6e44", size = 27697, upload-time = "2022-10-25T02:36:22.414Z" }
wheels = [
    { url = "https://files.pythonhosted.org/packages/d1/d6/3965ed04c63042e047cb6a3e6ed1a63a35087b6a609aa3a15ed8ac56c221/colorama-0.4.6-py2.py3-none-any.whl", hash = "sha256:4f1d9991f5acc0ca119f9d443620b77f9d6b33703e51011c16baf57afb285fc6", size = 25335, upload-time = "2022-10-25T02:36:20.889Z" },
]

[[package]]
name = "data-pipeline-tutorial"
version = "0.6"
source = { editable = "." }
dependencies = [
    { name = "cassandra-driver" },
    { name = "faker" },
    { name = "kafka-python" },
    { name = "pika" },
    { name = "redis" },
]

[package.optional-dependencies]
dev = [
    { name = "honcho" },
    { name = "pytest" },
    { name = "ruff" },
]

[package.metadata]
requires-dist = [
    { name = "cassandra-driver" },
    { name = "faker" },
    { name = "honcho", marker = "extra == 'dev'" },
    { name = "kafka-python" },
    { name = "pika" },
    { name = "pytest", marker = "extra == 'dev'" },
    { name = "redis" },
    { name = "ruff", marker = "extra == 'dev'" },
]
provides-extras = ["dev"]

[[package]]
name = "deprecated"
version = "1.3.1"
source = { registry = "https://pypi.org/simple" }
dependencies = [
    { name = "wrapt" },
]
sdist = { url = "https://files.pythonhosted.org/packages/49/85/12f0a49a7c4ffb70572b6c2ef13c90c88fd190debda93b23f026b25f9634/deprecated-1.3.1.tar.gz", hash = "sha256:b1b50e0ff0c1fddaa5708a2c6b0a6588bb09b892825ab2b214ac9ea9d92a5223", size = 2932523, upload-time = "2025-10-30T08:19:02.757Z" }
wheels = [
    { url = "https://files.pythonhosted.org/packages/84/d0/205d54408c08b13550c733c4b85429e7ead111c7f0014309637425520a9a/deprecated-1.3.1-py2.py3-none-any.whl", hash = "sha256:597bfef186b6f60181535a29fbe44865ce137a5079f295b479886c82729d5f3f", size = 11298, upload-time = "2025-10-30T08:19:00.758Z" },
]

[[package]]
name = "faker"
version = "40.37.0"
source = { registry = "https://pypi.org/simple" }
dependencies = [
    { name = "tzdata", marker = "sys_platform == 'win32'" },
]
sdist = { url = "https://files.pythonhosted.org/packages/f6/fb/35acc76128d5ee8983d940da871cc8eba876e7b0e9e6bd402ecd7104dcdc/faker-40.37.0.tar.gz", hash = "sha256:a92dff7f310e61fb544c61720e15edb2e7448bc33d15a321a99e9ab7b94abf54", size = 2025920, upload-time = "2026-08-21T16:33:16.261Z" }
wheels = [
    { url = "https://files.pythonhosted.org/packages/3e/22/bf589b6b2c7527047f55450358fbe5961aeaadf168d6b51a1a1c67da497f/faker-40.37.0-py3-none-any.whl", hash = "sha256:ddbafa55c94d5b69c08ced3a7f202614204a02e07ba6548c729b8d18acc0b490", size = 2062853, upload-time = "2026-08-21T16:33:14.516Z" },
]

[[package]]
name = "geomet"
version = "1.1.0"
source = { registry = "https://pypi.org/simple" }
dependencies = [
    { name = "click" },
]
sdist = { url = "https://files.pythonhosted.org/packages/2a/8c/dde022aa6747b114f6b14a7392871275dea8867e2bd26cddb80cc6d66620/geomet-1.1.0.tar.gz", hash = "sha256:51e92231a0ef6aaa63ac20c443377ba78a303fd2ecd179dc3567de79f3c11605", size = 28732, upload-time = "2023-11-14T15:43:36.764Z" }
wheels = [
    { url = "https://files.pythonhosted.org/packages/af/90/3bc780df088d439714af8295196a4332a26559ae66fd99865e36f92efa9e/geomet-1.1.0-py3-none-any.whl", hash = "sha256:4372fe4e286a34acc6f2e9308284850bd8c4aa5bc12065e2abbd4995900db12f", size = 31522, upload-time = "2023-11-14T15:43:35.305Z" },
]

[[package]]
name = "honcho"
version = "2.0.0"
source = { registry = "https://pypi.org/simple" }
dependencies = [
    { name = "colorama", marker = "sys_platform == 'win32'" },
]
sdist = { url = "https://files.pythonhosted.org/packages/65/c8/d860888358bf5c8a6e7d78d1b508b59b0e255afd5655f243b8f65166dafd/honcho-2.0.0.tar.gz", hash = "sha256:af3815c03c634bf67d50f114253ea9fef72ecff26e4fd06b29234789ac5b8b2e", size = 45618, upload-time = "2024-10-06T14:26:53.871Z" }
wheels = [
    { url = "https://files.pythonhosted.org/packages/48/1c/25631fc359955569e63f5446dbb7022c320edf9846cbe892ee5113433a7e/honcho-2.0.0-py3-none-any.whl", hash = "sha256:56dcd04fc72d362a4befb9303b1a1a812cba5da283526fbc6509be122918ddf3", size = 22093, upload-time = "2024-10-06T14:26:52.181Z" },
]

[[package]]
name = "iniconfig"
version = "2.3.0"
source = { registry = "https://pypi.org/simple" }
sdist = { url = "https://files.pythonhosted.org/packages/72/34/14ca021ce8e5dfedc35312d08ba8bf51fdd999c576889fc2c24cb97f4f10/iniconfig-2.3.0.tar.gz", hash = "sha256:c76315c77db068650d49c5b56314774a7804df16fee4402c1f19d6d15d8c4730", size = 20503, upload-time = "2025-10-18T21:55:43.219Z" }
wheels = [
    { url = "https://files.pythonhosted.org/packages/cb/b1/3846dd7f199d53cb17f49cba7e651e9ce294d8497c8c150530ed11865bb8/iniconfig-2.3.0-py3-none-any.whl", hash = "sha256:f631c04d2c48c52b84d0d0549c99ff3859c98df65b3101406327ecc7d53fbf12", size = 7484, upload-time = "2025-10-18T21:55:41.639Z" },
]

[[package]]
name = "kafka-python"
version = "3.0.11"
source = { registry = "https://pypi.org/simple" }
sdist = { url = "https://files.pythonhosted.org/packages/d5/6a/8a3bfb819b5350652dfa5365409b7c611eed8ae0b37c84f53d0a26ae9513/kafka_python-3.0.11.tar.gz", hash = "sha256:a003d927e79c801d6cfd1e59ceaaf78807351e75cdb5b8ee9ce4262586f9780f", size = 514717, upload-time = "2026-08-16T16:46:15.481Z" }
wheels = [
    { url = "https://files.pythonhosted.org/packages/d7/9a/191343fd96564cbbed51bd33a53c08144e1ce285e2f10fb1578899e86c28/kafka_python-3.0.11-py3-none-any.whl", hash = "sha256:9d10cab4e11e02545d82c7e5af5702da5aa46dd4eccd11ad92a50bf6dbbecd14", size = 614237, upload-time = "2026-08-16T16:46:13.54Z" },
]

[[package]]
name = "packaging"
version = "26.3"
source = { registry = "https://pypi.org/simple" }
sdist = { url = "https://files.pythonhosted.org/packages/7d/fa/3944b40b07da9ce895c0e6303a5ab7d53da063554f534556b134a54d6093/packaging-26.3.tar.gz", hash = "sha256:94edc256424af38762eb31306eed28beb9f0efc50a8837492c9d6fd6004aed79", size = 313412, upload-time = "2026-08-04T18:15:28.737Z" }
wheels = [
    { url = "https://files.pythonhosted.org/packages/63/34/ba1c580383c9eada3711951fef0795c80b829a078d72188184bcab9dd527/packaging-26.3-py3-none-any.whl", hash = "sha256:d7193f7c8e4e93f444fde0262bf90af30e16fa0ad0ad44cb553c87339b23cd1c", size = 129956, upload-time = "2026-08-04T18:15:27.159Z" },
]

[[package]]
name = "pika"
version = "1.4.4"
source = { registry = "https://pypi.org/simple" }
sdist = { url = "https://files.pythonhosted.org/packages/7f/26/54e0b98a7f60b474cb0a6c05ecf048d4bc8c866e10ab1c82bc83865e7421/pika-1.4.4.tar.gz", hash = "sha256:8cfc8b33a5cb16e733bd60cffca9732c0d1d761ecd80a89f34ed7df2cd38d6d6", size = 154713, upload-time = "2026-08-06T21:33:39.836Z" }
wheels = [
    { url = "https://files.pythonhosted.org/packages/7c/f3/921170b78779ac3f8b405cb28fce88acca1562ac114072cbf0a115e19bb9/pika-1.4.4-py3-none-any.whl", hash = "sha256:48de960c97a93b55db06b8be4c53eb977c9c8a2754c57cdae9097abcbd70ce04", size = 165275, upload-time = "2026-08-06T21:33:38.449Z" },
]

[[package]]
name = "pluggy"
version = "1.6.0"
source = { registry = "https://pypi.org/simple" }
sdist = { url = "https://files.pythonhosted.org/packages/f9/e2/3e91f31a7d2b083fe6ef3fa267035b518369d9511ffab804f839851d2779/pluggy-1.6.0.tar.gz", hash = "sha256:7dcc130b76258d33b90f61b658791dede3486c3e6bfb003ee5c9bfb396dd22f3", size = 69412, upload-time = "2025-05-15T12:30:07.975Z" }
wheels = [
    { url = "https://files.pythonhosted.org/packages/54/20/4d324d65cc6d9205fabedc306948156824eb9f0ee1633355a8f7ec5c66bf/pluggy-1.6.0-py3-none-any.whl", hash = "sha256:e920276dd6813095e9377c0bc5566d94c932c33b27a3e3945d8389c374dd4746", size = 20538, upload-time = "2025-05-15T12:30:06.134Z" },
]

[[package]]
name = "pygments"
version = "2.21.0"
source = { registry = "https://pypi.org/simple" }
sdist = { url = "https://files.pythonhosted.org/packages/49/2e/ced460408999b33da6b31b0021b0f37d329e202d4169aeb164493778f25b/pygments-2.21.0.tar.gz", hash = "sha256:610ca751c9bc2492b38eb9a38a7fbc93edbbb2d7182edaf34e66ae493dee5c8c", size = 5005329, upload-time = "2026-08-17T08:02:48.824Z" }
wheels = [
    { url = "https://files.pythonhosted.org/packages/71/46/17f022dd3e953bf20a04a028a21ec746d942f8d2af30fa0f124fa0e6a684/pygments-2.21.0-py3-none-any.whl", hash = "sha256:2363c69b61c4a97c838da3b130dcd6468f4848992b21a82f2a63ec34377137d9", size = 1250147, upload-time = "2026-08-17T08:02:44.912Z" },
]

[[package]]
name = "pytest"
version = "9.1.1"
source = { registry = "https://pypi.org/simple" }
dependencies = [
    { name = "colorama", marker = "sys_platform == 'win32'" },
    { name = "iniconfig" },
    { name = "packaging" },
    { name = "pluggy" },
    { name = "pygments" },
]
sdist = { url = "https://files.pythonhosted.org/packages/e4/47/b9efed96c114afcfa3c9d3fe98a76a1d14c74a9e266d397cf6eb64be5e01/pytest-9.1.1.tar.gz", hash = "sha256:1088fbde8f2b49d95a549a195707afa7a76a3ce9bcadc26b6d71f0ffda5fe313", size = 1636369, upload-time = "2026-06-19T10:58:32.857Z" }
wheels = [
    { url = "https://files.pythonhosted.org/packages/24/25/1de2678b631f5a49215c6c96fff41ba892b0a34df68d6d80292b1b48aa7f/pytest-9.1.1-py3-none-any.whl", hash = "sha256:37a86b45efb9a47a61a36449063e8e18d0cab3161329fc099eb21783169c4f0c", size = 386536, upload-time = "2026-06-19T10:58:31.347Z" },
]

[[package]]
name = "redis"
version = "8.1.0"
source = { registry = "https://pypi.org/simple" }
sdist = { url = "https://files.pythonhosted.org/packages/a8/99/604f0b666d4c616d891cf77ebb9db6bb21601344c051aebf1b72b9ff915f/redis-8.1.0.tar.gz", hash = "sha256:6e1a19beef9225c83efd689c7e6b7da2d5215b1f42cd13b7fc3714d0a09c7b25", size = 5254356, upload-time = "2026-07-30T08:51:00.269Z" }
wheels = [
    { url = "https://files.pythonhosted.org/packages/66/9d/c5731f6e3608663d4d3656fd8d3aecee8b509c3082818f5a13eae925baea/redis-8.1.0-py3-none-any.whl", hash = "sha256:a4fe1aac3d3b3cc791d4b3d5931c5a956045dc951ee74d1c913ee3ac4d2ee9fb", size = 560618, upload-time = "2026-07-30T08:50:58.497Z" },
]

[[package]]
name = "ruff"
version = "0.16.5"
source = { registry = "https://pypi.org/simple" }
sdist = { url = "https://files.pythonhosted.org/packages/f3/85/c8e12473c93018f92d19dd988a294202e1c27426c47ec4de53ffb847b8d8/ruff-0.16.5.tar.gz", hash = "sha256:1b88500f9ffbcab3dedb0082c9f9492e91ec3d618aac1236a3e0189938f7040b", size = 4912003, upload-time = "2026-08-27T16:34:18.258Z" }
wheels = [
    { url = "https://files.pythonhosted.org/packages/c6/b6/77c90a970fe2dae17a723acbd011043ea97c98d7deacccefdc4ba74ec512/ruff-0.16.5-py3-none-linux_armv6l.whl", hash = "sha256:12e5f673e774c35fbb62f288809c7653b73445f8ecec6b6063fd6ea3521aa14b", size = 10011941, upload-time = "2026-08-27T16:33:41.287Z" },
    { url = "https://files.pythonhosted.org/packages/4b/46/6cf67cf6411885a1d6f7f6d801682f155536a85176d10b605e2ceffed8bd/ruff-0.16.5-py3-none-macosx_10_12_x86_64.whl", hash = "sha256:eda58a5802de40e7ed5b32b64e0b32539338cc6fcd2c78f61e3ad6a0d79f51c3", size = 10204049, upload-time = "2026-08-27T16:33:44.056Z" },
    { url = "https://files.pythonhosted.org/packages/46/fd/c8720ca7a090abf0c2fef4abe8a5ef6e5127ed15196d8886ff75a2b370e2/ruff-0.16.5-py3-none-macosx_11_0_arm64.whl", hash = "sha256:c5ae9a7b9a8875131f40f8fe967cc86abf899779efd663cb7ce3d572d01da7eb", size = 9809037, upload-time = "2026-08-27T16:33:46.257Z" },
    { url = "https://files.pythonhosted.org/packages/43/45/a684caacdedaca180f52bacccc40bf0789d2c5a7c75f25324853e9eaedb5/ruff-0.16.5-py3-none-manylinux_2_17_aarch64.manylinux2014_aarch64.whl", hash = "sha256:7b719b0a1f4d59710d283ab2965f621684a108a9e41da622e3b23f0326cd0025", size = 9964129, upload-time = "2026-08-27T16:33:48.352Z" },
    { url = "https://files.pythonhosted.org/packages/9e/f2/5d2bcdaca6b5b93d1b4dfc166cd2aebf7680143a1b38a28759df13a94d31/ruff-0.16.5-py3-none-manylinux_2_17_armv7l.manylinux2014_armv7l.whl", hash = "sha256:2298f2780ed1be0c5cb1361e32ab7b1467f3cce7dabe101d2210a314f2fe42e9", size = 9821518, upload-time = "2026-08-27T16:33:50.57Z" },
    { url = "https://files.pythonhosted.org/packages/aa/ff/011cce29accf9257d5974145b733fc653a37985ed6825413a3987cefbfe0/ruff-0.16.5-py3-none-manylinux_2_17_i686.manylinux2014_i686.whl", hash = "sha256:258f29035a2dd021e7861e631b227a5b3f14e50c1184c9a6a122c5f4576154d7", size = 10534835, upload-time = "2026-08-27T16:33:52.522Z" },
    { url = "https://files.pythonhosted.org/packages/d7/5a/f0cf109bada9bba0e96c90c21c9f9251803f57225c32d293327a03c710d6/ruff-0.16.5-py3-none-manylinux_2_17_ppc64le.manylinux2014_ppc64le.whl", hash = "sha256:b9a4f0432966834019c74d1b7e5c51224305d7713f3d7faf3e7451f1a3be3cde", size = 11252550, upload-time = "2026-08-27T16:33:54.521Z" },
    { url = "https://files.pythonhosted.org/packages/63/4d/1d481aaea2046c6a7ed7c291f9004c669cce3c087b6b376ed5b08271e3fe/ruff-0.16.5-py3-none-manylinux_2_17_s390x.manylinux2014_s390x.whl", hash = "sha256:b5eb3a8c3d0ade9cea42b591fd530368e8798380e30e0a308b85a5cf718f09ea", size = 10777949, upload-time = "2026-08-27T16:33:56.88Z" },
    { url = "https://files.pythonhosted.org/packages/ee/34/ee245ca55f64443233034b3d02b03236b19242004281247c079390b7facd/ruff-0.16.5-py3-none-manylinux_2_17_x86_64.manylinux2014_x86_64.whl", hash = "sha256:ef0f69e191a13a3c9816f63163c88790cb12cd157bbbb384e9c44745702ab105", size = 10311656, upload-time = "2026-08-27T16:33:59.12Z" },
    { url = "https://files.pythonhosted.org/packages/a7/4d/c33a333e341c0a2b96c715b52d89a606f5a34cd4ac493cd9b8d0187186b8/ruff-0.16.5-py3-none-manylinux_2_31_riscv64.whl", hash = "sha256:0eeab41fbea2c42f98dfb9822cdccda9d24ba38d49f6dc945b5c236d48f0ef29", size = 10532125, upload-time = "2026-08-27T16:34:01.166Z" },
    { url = "https://files.pythonhosted.org/packages/30/e1/a64cef78b40192497bb98a27a8aa8f2c98ee9ee15bc97f7712d94ef32937/ruff-0.16.5-py3-none-musllinux_1_2_aarch64.whl", hash = "sha256:f0768e9df4300713fff30733c87575f68b6f1d8de41184e505b7fdd9c0c95eaf", size = 10097648, upload-time = "2026-08-27T16:34:03.16Z" },
    { url = "https://files.pythonhosted.org/packages/cc/4e/4cdc9ed3c3e109d2f71e62572a37457298d7bc7501ec3138babb7ed32bbd/ruff-0.16.5-py3-none-musllinux_1_2_armv7l.whl", hash = "sha256:95cc70cdc7aa80c338de356279d2adbeb2de0f520b9ecd8aba75b94e95e02f91", size = 9829344, upload-time = "2026-08-27T16:34:05.134Z" },
    { url = "https://files.pythonhosted.org/packages/39/4a/31ed35ce31729955fc583ee0d176d6e784c1290cb0b0a75cb2134c1ab72a/ruff-0.16.5-py3-none-musllinux_1_2_i686.whl", hash = "sha256:d185c8398ded1bfd91c0c2cb258346307571eccc473a8490af8c3977399c384a", size = 10277117, upload-time = "2026-08-27T16:34:07.425Z" },
    { url = "https://files.pythonhosted.org/packages/a8/a0/60356d86687b4b666d593df213f4dc3041750d024cb7bf2cfa81cfd65c2e/ruff-0.16.5-py3-none-musllinux_1_2_x86_64.whl", hash = "sha256:fb8e3a3c4c6a784150a7ced53b015f4b253fc2bf97a610886419ead64b4756ef", size = 10711653, upload-time = "2026-08-27T16:34:09.712Z" },
    { url = "https://files.pythonhosted.org/packages/ed/20/656d67f5b25ca9bda4e02b1de25867b2954e1d19e03648060f167ad0f4cc/ruff-0.16.5-py3-none-win32.whl", hash = "sha256:288b0a5f080492fe5635db849f9e2e84aa3cce7b7f0e955997d416c507c76a26", size = 10034250, upload-time = "2026-08-27T16:34:11.8Z" },
    { url = "https://files.pythonhosted.org/packages/5b/42/ee8e68a207b9127fcde6c3d7e197def432f346cb1af159e1fa14ca0d1cdc/ruff-0.16.5-py3-none-win_amd64.whl", hash = "sha256:ddc6385fb2137f616357ca03d6c74f4be987f80fed4008566b754f6032b8546f", size = 10516714, upload-time = "2026-08-27T16:34:13.963Z" },
    { url = "https://files.pythonhosted.org/packages/73/e3/7df5a396e445b9ba49ce9a9437439a4d80042c61c0ade199abf8d16de1ac/ruff-0.16.5-py3-none-win_arm64.whl", hash = "sha256:a64abe90968719b851bb7cedffaa8753fbdbdadab483089682db623f3edc587e", size = 10391564, upload-time = "2026-08-27T16:34:16.064Z" },
]

[[package]]
name = "tzdata"
version = "2026.3"
source = { registry = "https://pypi.org/simple" }
sdist = { url = "https://files.pythonhosted.org/packages/92/ff/5a28bdfd8c3ebec42564ac7d0e54ca3db65044a9314a97f9564fa7a1e926/tzdata-2026.3.tar.gz", hash = "sha256:4a1518b8993086a7982523e071643f3c0e5f213e75b21318e78bcabfff9d1415", size = 198674, upload-time = "2026-07-10T08:50:37.887Z" }
wheels = [
    { url = "https://files.pythonhosted.org/packages/e5/6d/b53b99a9f2766d095985947a5782f1702cabb129a34f7a802d7197af832f/tzdata-2026.3-py2.py3-none-any.whl", hash = "sha256:dc096730c87af6cab1b171c9d532be840741ff5d459015e7f6947bd7d7e54931", size = 348168, upload-time = "2026-07-10T08:50:36.46Z" },
]

[[package]]
name = "wrapt"
version = "2.4.0"
source = { registry = "https://pypi.org/simple" }
sdist = { url = "https://files.pythonhosted.org/packages/65/ba/8dc25478ed234dacc7d83c671634f347d0bdfb65bf0502f41879cf2f15a9/wrapt-2.4.0.tar.gz", hash = "sha256:7082fc1f94b020ac275870c4af71b09cff22876fe6e9c4c0ad01ea21d217b288", size = 161179, upload-time = "2026-08-30T04:41:51.424Z" }
wheels = [
    { url = "https://files.pythonhosted.org/packages/f0/22/581a0b44349d5babe526c958f365b8126e0fbd8fc2810e80446c47358050/wrapt-2.4.0-cp312-cp312-macosx_10_13_x86_64.whl", hash = "sha256:ef4e2d6e399ce6eecc80179a6b9ef6544f121288f95fc132bc36c9d9503903af", size = 96374, upload-time = "2026-08-30T04:39:42.335Z" },
    { url = "https://files.pythonhosted.org/packages/5d/90/095984648cec62a786bb27c0b50f6cfa5856d1e073ba1006fe148d190084/wrapt-2.4.0-cp312-cp312-macosx_11_0_arm64.whl", hash = "sha256:6b9b32d5e4f0a179cef5075cc79b79d6d3482c44c434c12969e48c6719e06d95", size = 96178, upload-time = "2026-08-30T04:39:43.789Z" },
    { url = "https://files.pythonhosted.org/packages/f8/fd/b20e3cb3cab35131b515edf18e8cd777dff680fc76fc00919481f4e536af/wrapt-2.4.0-cp312-cp312-manylinux1_x86_64.manylinux_2_28_x86_64.manylinux_2_5_x86_64.whl", hash = "sha256:d7dbbdbfdacb85c2d962fa52db791c77943fd777d600d74c95af2d53b32f5a94", size = 227806, upload-time = "2026-08-30T04:39:45.264Z" },
    { url = "https://files.pythonhosted.org/packages/08/75/c8dfba5e0caf17cd0718a0cbbe76cb85e637a2d65183fb728232419f6fca/wrapt-2.4.0-cp312-cp312-manylinux2014_aarch64.manylinux_2_17_aarch64.manylinux_2_28_aarch64.whl", hash = "sha256:39cd68df4dff79f5336f9c745c06259d204bcb42d504040c9c91eac9e2abb39c", size = 229004, upload-time = "2026-08-30T04:39:47.068Z" },
    { url = "https://files.pythonhosted.org/packages/42/05/d4853fbd33e5860b10d5aec690f563547a92a82e61fb8bb2d4ece1ce3570/wrapt-2.4.0-cp312-cp312-manylinux_2_31_riscv64.manylinux_2_39_riscv64.whl", hash = "sha256:2a9f1a2f75bb95257cc5744e255e10a5a86e923f328b40ad3dbf9d8d03430013", size = 208934, upload-time = "2026-08-30T04:39:48.73Z" },
    { url = "https://files.pythonhosted.org/packages/a3/66/23d0e8de9b411fd198af5121627587563657370c8d509fbe5ea8adb3df79/wrapt-2.4.0-cp312-cp312-musllinux_1_2_aarch64.whl", hash = "sha256:8763ad01e3725b7751a4575f38bbcc19c0aa0822fec91c5c5bd21ce3ce7e1d2b", size = 225709, upload-time = "2026-08-30T04:39:50.287Z" },
    { url = "https://files.pythonhosted.org/packages/01/37/3b357bc90530d510ae59ae7ac48265c482ae899e47637ca4436645688b40/wrapt-2.4.0-cp312-cp312-musllinux_1_2_riscv64.whl", hash = "sha256:9125c6dbe8b88c00dd8ef4fc1e55757e8eb4720b6b2b2cc610a45bd32bd28c57", size = 207090, upload-time = "2026-08-30T04:39:51.78Z" },
    { url = "https://files.pythonhosted.org/packages/6d/0c/d8a5c6dbcc2d221308223bcea4130c6332454a855cb4dbd5dcb2360b13b2/wrapt-2.4.0-cp312-cp312-musllinux_1_2_x86_64.whl", hash = "sha256:28f5de1526831b8f173889a436e289fe181ede8c66c9feb669d1aca8fd602eaf", size = 216269, upload-time = "2026-08-30T04:39:53.641Z" },
    { url = "https://files.pythonhosted.org/packages/92/93/cc9fc8fef1d3d25edaa1c2dc2337b556dc1d0613ddc1c4a6fe9ee08ad705/wrapt-2.4.0-cp312-cp312-win32.whl", hash = "sha256:a9ca1cdb3f7facb4990c7739ea5afbaceeb6728d066feedde03a4cfe83b29b03", size = 91187, upload-time = "2026-08-30T04:39:55.38Z" },
    { url = "https://files.pythonhosted.org/packages/ad/ec/a7b10705172bdb669b9687a8ff68bbe5f566437d2a49ad6d976af48b6d10/wrapt-2.4.0-cp312-cp312-win_amd64.whl", hash = "sha256:8b464316489fb2fca0669ea0f8f07290054a0f26fc72982d3e4cf95469628ba9", size = 96423, upload-time = "2026-08-30T04:39:56.81Z" },
    { url = "https://files.pythonhosted.org/packages/83/7a/e838ac6463a1a1a1817b2f184ee2aa20c54692b80368c5063403c8d2461c/wrapt-2.4.0-cp312-cp312-win_arm64.whl", hash = "sha256:db1285071ea09a7767fac608e7b5c7b03c09833b06186875a359905fbc659d29", size = 93003, upload-time = "2026-08-30T04:39:58.237Z" },
    { url = "https://files.pythonhosted.org/packages/79/c8/fafe0002f572ced999c792cfe8b05d39269c63d8193d15d25bd828bcad7a/wrapt-2.4.0-py3-none-any.whl", hash = "sha256:18aabd9301d06026f5900538051773d6f87f65ae02cdc60de482df978513dc0a", size = 73713, upload-time = "2026-08-30T04:41:49.805Z" },
]
